PODS:
  - FBSnapshotTestCase (2.1.4):
    - FBSnapshotTestCase/SwiftSupport (= 2.1.4)
  - FBSnapshotTestCase/Core (2.1.4)
  - FBSnapshotTestCase/SwiftSupport (2.1.4):
    - FBSnapshotTestCase/Core
  - JJSocketManager (0.1.1):
    - JJSocketManager/WebSocket (= 0.1.1)
  - JJSocketManager/WebSocket (0.1.1):
    - Socket.IO-Client-Swift
  - Socket.IO-Client-Swift (13.3.1):
    - Starscream (~> 3.0.2)
  - Starscream (3.0.6)

DEPENDENCIES:
  - FBSnapshotTestCase (~> 2.1.4)
  - JJSocketManager (from `../`)

SPEC REPOS:
  https://github.com/cocoapods/specs.git:
    - FBSnapshotTestCase
    - Socket.IO-Client-Swift
    - Starscream

EXTERNAL SOURCES:
  JJSocketManager:
    :path: "../"

SPEC CHECKSUMS:
  FBSnapshotTestCase: 094f9f314decbabe373b87cc339bea235a63e07a
  JJSocketManager: 0701fe438681f29d669a7becfd4cadc7a71a6645
  Socket.IO-Client-Swift: 79f8f85fa44881838175a20f9bd2c32bef2c9d37
  Starscream: ef3ece99d765eeccb67de105bfa143f929026cf5

PODFILE CHECKSUM: 4b06b253255d3567263318653bf8f4ebc770f85b

COCOAPODS: 1.5.3
